// !$*UTF8*$!
{
	archiveVersion = 1;
	classes = {
	};
	objectVersion = 55;
	objects = {

/* Begin PBXBuildFile section */
		5D5AD764274BCF69004030C3 /* SignUp.storyboard in Resources */ = {isa = PBXBuildFile; fileRef = 5D5AD763274BCF69004030C3 /* SignUp.storyboard */; };
		5D5AD768274C7549004030C3 /* SignUpViewController.swift in Sources */ = {isa = PBXBuildFile; fileRef = 5D5AD767274C7549004030C3 /* SignUpViewController.swift */; };
		CC0042532753B8AD004F665D /* Home.storyboard in Resources */ = {isa = PBXBuildFile; fileRef = CC0042522753B8AD004F665D /* Home.storyboard */; };
		CC0042552753B8E3004F665D /* Subscriptions.storyboard in Resources */ = {isa = PBXBuildFile; fileRef = CC0042542753B8E3004F665D /* Subscriptions.storyboard */; };
		CC0042572753BC8F004F665D /* HomeViewController.swift in Sources */ = {isa = PBXBuildFile; fileRef = CC0042562753BC8F004F665D /* HomeViewController.swift */; };
		CC0042592753BDF7004F665D /* SubscriptionsViewController.swift in Sources */ = {isa = PBXBuildFile; fileRef = CC0042582753BDF7004F665D /* SubscriptionsViewController.swift */; };
		CC00425B2753C0EE004F665D /* PostCreation.storyboard in Resources */ = {isa = PBXBuildFile; fileRef = CC00425A2753C0EE004F665D /* PostCreation.storyboard */; };
		CC00425D2753C123004F665D /* PostCreationViewController.swift in Sources */ = {isa = PBXBuildFile; fileRef = CC00425C2753C123004F665D /* PostCreationViewController.swift */; };
		CC00425F2753C1B5004F665D /* Notification.storyboard in Resources */ = {isa = PBXBuildFile; fileRef = CC00425E2753C1B5004F665D /* Notification.storyboard */; };
		CC0042612753C1C7004F665D /* NotificationViewController.swift in Sources */ = {isa = PBXBuildFile; fileRef = CC0042602753C1C7004F665D /* NotificationViewController.swift */; };
		CC0042632753C1ED004F665D /* ChatViewController.swift in Sources */ = {isa = PBXBuildFile; fileRef = CC0042622753C1ED004F665D /* ChatViewController.swift */; };
		CC0042652753C209004F665D /* Chat.storyboard in Resources */ = {isa = PBXBuildFile; fileRef = CC0042642753C209004F665D /* Chat.storyboard */; };
		CC1E17162750CA68003C1A1E /* LogIn.storyboard in Resources */ = {isa = PBXBuildFile; fileRef = CC1E17152750CA68003C1A1E /* LogIn.storyboard */; };
		CC1E172027511749003C1A1E /* PasswordFind.storyboard in Resources */ = {isa = PBXBuildFile; fileRef = CC1E171F27511749003C1A1E /* PasswordFind.storyboard */; };
		CC1E1722275117A1003C1A1E /* PasswordFindViewController.swift in Sources */ = {isa = PBXBuildFile; fileRef = CC1E1721275117A1003C1A1E /* PasswordFindViewController.swift */; };
		CC1E172527512056003C1A1E /* addLeftPaddingTextfield.swift in Sources */ = {isa = PBXBuildFile; fileRef = CC1E172427512056003C1A1E /* addLeftPaddingTextfield.swift */; };
		CC1E17272751206C003C1A1E /* gradientButton.swift in Sources */ = {isa = PBXBuildFile; fileRef = CC1E17262751206C003C1A1E /* gradientButton.swift */; };
		CC738EB4274B959D00A8752C /* LogInViewController.swift in Sources */ = {isa = PBXBuildFile; fileRef = CC738EB3274B959D00A8752C /* LogInViewController.swift */; };
		CCD23C5F2749F8D800A41E14 /* AppDelegate.swift in Sources */ = {isa = PBXBuildFile; fileRef = CCD23C5E2749F8D800A41E14 /* AppDelegate.swift */; };
		CCD23C612749F8D800A41E14 /* SceneDelegate.swift in Sources */ = {isa = PBXBuildFile; fileRef = CCD23C602749F8D800A41E14 /* SceneDelegate.swift */; };
		CCD23C632749F8D800A41E14 /* ViewController.swift in Sources */ = {isa = PBXBuildFile; fileRef = CCD23C622749F8D800A41E14 /* ViewController.swift */; };
		CCD23C662749F8D800A41E14 /* Main.storyboard in Resources */ = {isa = PBXBuildFile; fileRef = CCD23C642749F8D800A41E14 /* Main.storyboard */; };
		CCD23C682749F8DA00A41E14 /* Assets.xcassets in Resources */ = {isa = PBXBuildFile; fileRef = CCD23C672749F8DA00A41E14 /* Assets.xcassets */; };
		CCD23C6B2749F8DA00A41E14 /* LaunchScreen.storyboard in Resources */ = {isa = PBXBuildFile; fileRef = CCD23C692749F8DA00A41E14 /* LaunchScreen.storyboard */; };
/* End PBXBuildFile section */

/* Begin PBXFileReference section */
		5D5AD763274BCF69004030C3 /* SignUp.storyboard */ = {isa = PBXFileReference; lastKnownFileType = file.storyboard; path = SignUp.storyboard; sourceTree = "<group>"; };
		5D5AD767274C7549004030C3 /* SignUpViewController.swift */ = {isa = PBXFileReference; lastKnownFileType = sourcecode.swift; path = SignUpViewController.swift; sourceTree = "<group>"; };
		CC0042522753B8AD004F665D /* Home.storyboard */ = {isa = PBXFileReference; lastKnownFileType = file.storyboard; path = Home.storyboard; sourceTree = "<group>"; };
		CC0042542753B8E3004F665D /* Subscriptions.storyboard */ = {isa = PBXFileReference; lastKnownFileType = file.storyboard; path = Subscriptions.storyboard; sourceTree = "<group>"; };
		CC0042562753BC8F004F665D /* HomeViewController.swift */ = {isa = PBXFileReference; lastKnownFileType = sourcecode.swift; path = HomeViewController.swift; sourceTree = "<group>"; };
		CC0042582753BDF7004F665D /* SubscriptionsViewController.swift */ = {isa = PBXFileReference; lastKnownFileType = sourcecode.swift; path = SubscriptionsViewController.swift; sourceTree = "<group>"; };
		CC00425A2753C0EE004F665D /* PostCreation.storyboard */ = {isa = PBXFileReference; lastKnownFileType = file.storyboard; path = PostCreation.storyboard; sourceTree = "<group>"; };
		CC00425C2753C123004F665D /* PostCreationViewController.swift */ = {isa = PBXFileReference; lastKnownFileType = sourcecode.swift; path = PostCreationViewController.swift; sourceTree = "<group>"; };
		CC00425E2753C1B5004F665D /* Notification.storyboard */ = {isa = PBXFileReference; lastKnownFileType = file.storyboard; path = Notification.storyboard; sourceTree = "<group>"; };
		CC0042602753C1C7004F665D /* NotificationViewController.swift */ = {isa = PBXFileReference; lastKnownFileType = sourcecode.swift; path = NotificationViewController.swift; sourceTree = "<group>"; };
		CC0042622753C1ED004F665D /* ChatViewController.swift */ = {isa = PBXFileReference; lastKnownFileType = sourcecode.swift; path = ChatViewController.swift; sourceTree = "<group>"; };
		CC0042642753C209004F665D /* Chat.storyboard */ = {isa = PBXFileReference; lastKnownFileType = file.storyboard; path = Chat.storyboard; sourceTree = "<group>"; };
		CC1E17152750CA68003C1A1E /* LogIn.storyboard */ = {isa = PBXFileReference; fileEncoding = 4; lastKnownFileType = file.storyboard; path = LogIn.storyboard; sourceTree = "<group>"; };
		CC1E171F27511749003C1A1E /* PasswordFind.storyboard */ = {isa = PBXFileReference; lastKnownFileType = file.storyboard; path = PasswordFind.storyboard; sourceTree = "<group>"; };
		CC1E1721275117A1003C1A1E /* PasswordFindViewController.swift */ = {isa = PBXFileReference; lastKnownFileType = sourcecode.swift; path = PasswordFindViewController.swift; sourceTree = "<group>"; };
		CC1E172427512056003C1A1E /* addLeftPaddingTextfield.swift */ = {isa = PBXFileReference; lastKnownFileType = sourcecode.swift; path = addLeftPaddingTextfield.swift; sourceTree = "<group>"; };
		CC1E17262751206C003C1A1E /* gradientButton.swift */ = {isa = PBXFileReference; lastKnownFileType = sourcecode.swift; path = gradientButton.swift; sourceTree = "<group>"; };
		CC738EB3274B959D00A8752C /* LogInViewController.swift */ = {isa = PBXFileReference; lastKnownFileType = sourcecode.swift; path = LogInViewController.swift; sourceTree = "<group>"; };
		CCD23C5B2749F8D800A41E14 /* reddit-clone.app */ = {isa = PBXFileReference; explicitFileType = wrapper.application; includeInIndex = 0; path = "reddit-clone.app"; sourceTree = BUILT_PRODUCTS_DIR; };
		CCD23C5E2749F8D800A41E14 /* AppDelegate.swift */ = {isa = PBXFileReference; lastKnownFileType = sourcecode.swift; path = AppDelegate.swift; sourceTree = "<group>"; };
		CCD23C602749F8D800A41E14 /* SceneDelegate.swift */ = {isa = PBXFileReference; lastKnownFileType = sourcecode.swift; path = SceneDelegate.swift; sourceTree = "<group>"; };
		CCD23C622749F8D800A41E14 /* ViewController.swift */ = {isa = PBXFileReference; lastKnownFileType = sourcecode.swift; path = ViewController.swift; sourceTree = "<group>"; };
		CCD23C652749F8D800A41E14 /* Base */ = {isa = PBXFileReference; lastKnownFileType = file.storyboard; name = Base; path = Base.lproj/Main.storyboard; sourceTree = "<group>"; };
		CCD23C672749F8DA00A41E14 /* Assets.xcassets */ = {isa = PBXFileReference; lastKnownFileType = folder.assetcatalog; path = Assets.xcassets; sourceTree = "<group>"; };
		CCD23C6A2749F8DA00A41E14 /* Base */ = {isa = PBXFileReference; lastKnownFileType = file.storyboard; name = Base; path = Base.lproj/LaunchScreen.storyboard; sourceTree = "<group>"; };
		CCD23C6C2749F8DA00A41E14 /* Info.plist */ = {isa = PBXFileReference; lastKnownFileType = text.plist.xml; path = Info.plist; sourceTree = "<group>"; };
/* End PBXFileReference section */

/* Begin PBXFrameworksBuildPhase section */
		CCD23C582749F8D700A41E14 /* Frameworks */ = {
			isa = PBXFrameworksBuildPhase;
			buildActionMask = 2147483647;
			files = (
			);
			runOnlyForDeploymentPostprocessing = 0;
		};
/* End PBXFrameworksBuildPhase section */

/* Begin PBXGroup section */
		CC0042662753C419004F665D /* Chat */ = {
			isa = PBXGroup;
			children = (
				CC0042622753C1ED004F665D /* ChatViewController.swift */,
				CC0042642753C209004F665D /* Chat.storyboard */,
			);
			path = Chat;
			sourceTree = "<group>";
		};
		CC0042672753C471004F665D /* Subscription */ = {
			isa = PBXGroup;
			children = (
				CC0042542753B8E3004F665D /* Subscriptions.storyboard */,
				CC0042582753BDF7004F665D /* SubscriptionsViewController.swift */,
			);
			path = Subscription;
			sourceTree = "<group>";
		};
		CC0042682753C4FF004F665D /* PasswordFind */ = {
			isa = PBXGroup;
			children = (
				CC1E171F27511749003C1A1E /* PasswordFind.storyboard */,
				CC1E1721275117A1003C1A1E /* PasswordFindViewController.swift */,
			);
			path = PasswordFind;
			sourceTree = "<group>";
		};
		CC0042692753C511004F665D /* Home */ = {
			isa = PBXGroup;
			children = (
				CC0042522753B8AD004F665D /* Home.storyboard */,
				CC0042562753BC8F004F665D /* HomeViewController.swift */,
			);
			path = Home;
			sourceTree = "<group>";
		};
		CC00426A2753C534004F665D /* PostCreation */ = {
			isa = PBXGroup;
			children = (
				CC00425A2753C0EE004F665D /* PostCreation.storyboard */,
				CC00425C2753C123004F665D /* PostCreationViewController.swift */,
			);
			path = PostCreation;
			sourceTree = "<group>";
		};
		CC00426B2753C540004F665D /* Notification */ = {
			isa = PBXGroup;
			children = (
				CC0042602753C1C7004F665D /* NotificationViewController.swift */,
				CC00425E2753C1B5004F665D /* Notification.storyboard */,
			);
			path = Notification;
			sourceTree = "<group>";
		};
		CC00426C2753C553004F665D /* Login */ = {
			isa = PBXGroup;
			children = (
				CC1E17152750CA68003C1A1E /* LogIn.storyboard */,
				CC738EB3274B959D00A8752C /* LogInViewController.swift */,
			);
			path = Login;
			sourceTree = "<group>";
		};
		CC00426D2753C57F004F665D /* SignUp */ = {
			isa = PBXGroup;
			children = (
				5D5AD763274BCF69004030C3 /* SignUp.storyboard */,
				5D5AD767274C7549004030C3 /* SignUpViewController.swift */,
			);
			path = SignUp;
			sourceTree = "<group>";
		};
		CC1E172327512018003C1A1E /* Utils */ = {
			isa = PBXGroup;
			children = (
				CC1E172427512056003C1A1E /* addLeftPaddingTextfield.swift */,
				CC1E17262751206C003C1A1E /* gradientButton.swift */,
			);
			path = Utils;
			sourceTree = "<group>";
		};
		CCD23C522749F8D700A41E14 = {
			isa = PBXGroup;
			children = (
				CCD23C5D2749F8D800A41E14 /* reddit-clone */,
				CCD23C5C2749F8D800A41E14 /* Products */,
			);
			sourceTree = "<group>";
		};
		CCD23C5C2749F8D800A41E14 /* Products */ = {
			isa = PBXGroup;
			children = (
				CCD23C5B2749F8D800A41E14 /* reddit-clone.app */,
			);
			name = Products;
			sourceTree = "<group>";
		};
		CCD23C5D2749F8D800A41E14 /* reddit-clone */ = {
			isa = PBXGroup;
			children = (
				CC1E172327512018003C1A1E /* Utils */,
				CCD23C5E2749F8D800A41E14 /* AppDelegate.swift */,
				CCD23C602749F8D800A41E14 /* SceneDelegate.swift */,
				CCD23C622749F8D800A41E14 /* ViewController.swift */,
				CCD23C642749F8D800A41E14 /* Main.storyboard */,
				CC00426C2753C553004F665D /* Login */,
				CC00426D2753C57F004F665D /* SignUp */,
				CCD23C672749F8DA00A41E14 /* Assets.xcassets */,
				CCD23C692749F8DA00A41E14 /* LaunchScreen.storyboard */,
				CCD23C6C2749F8DA00A41E14 /* Info.plist */,
				CC0042682753C4FF004F665D /* PasswordFind */,
				CC0042692753C511004F665D /* Home */,
				CC0042672753C471004F665D /* Subscription */,
				CC00426A2753C534004F665D /* PostCreation */,
				CC00426B2753C540004F665D /* Notification */,
				CC0042662753C419004F665D /* Chat */,
			);
			path = "reddit-clone";
			sourceTree = "<group>";
		};
/* End PBXGroup section */

/* Begin PBXNativeTarget section */
		CCD23C5A2749F8D700A41E14 /* reddit-clone */ = {
			isa = PBXNativeTarget;
			buildConfigurationList = CCD23C6F2749F8DA00A41E14 /* Build configuration list for PBXNativeTarget "reddit-clone" */;
			buildPhases = (
				CCD23C572749F8D700A41E14 /* Sources */,
				CCD23C582749F8D700A41E14 /* Frameworks */,
				CCD23C592749F8D700A41E14 /* Resources */,
			);
			buildRules = (
			);
			dependencies = (
			);
			name = "reddit-clone";
			productName = "reddit-clone";
			productReference = CCD23C5B2749F8D800A41E14 /* reddit-clone.app */;
			productType = "com.apple.product-type.application";
		};
/* End PBXNativeTarget section */

/* Begin PBXProject section */
		CCD23C532749F8D700A41E14 /* Project object */ = {
			isa = PBXProject;
			attributes = {
				BuildIndependentTargetsInParallel = 1;
				LastSwiftUpdateCheck = 1310;
				LastUpgradeCheck = 1310;
				TargetAttributes = {
					CCD23C5A2749F8D700A41E14 = {
						CreatedOnToolsVersion = 13.1;
					};
				};
			};
			buildConfigurationList = CCD23C562749F8D700A41E14 /* Build configuration list for PBXProject "reddit-clone" */;
			compatibilityVersion = "Xcode 13.0";
			developmentRegion = en;
			hasScannedForEncodings = 0;
			knownRegions = (
				en,
				Base,
			);
			mainGroup = CCD23C522749F8D700A41E14;
			productRefGroup = CCD23C5C2749F8D800A41E14 /* Products */;
			projectDirPath = "";
			projectRoot = "";
			targets = (
				CCD23C5A2749F8D700A41E14 /* reddit-clone */,
			);
		};
/* End PBXProject section */

/* Begin PBXResourcesBuildPhase section */
		CCD23C592749F8D700A41E14 /* Resources */ = {
			isa = PBXResourcesBuildPhase;
			buildActionMask = 2147483647;
			files = (
				CC0042532753B8AD004F665D /* Home.storyboard in Resources */,
				CC0042652753C209004F665D /* Chat.storyboard in Resources */,
				CC1E17162750CA68003C1A1E /* LogIn.storyboard in Resources */,
				CCD23C6B2749F8DA00A41E14 /* LaunchScreen.storyboard in Resources */,
				CCD23C682749F8DA00A41E14 /* Assets.xcassets in Resources */,
				5D5AD764274BCF69004030C3 /* SignUp.storyboard in Resources */,
				CCD23C662749F8D800A41E14 /* Main.storyboard in Resources */,
				CC1E172027511749003C1A1E /* PasswordFind.storyboard in Resources */,
				CC0042552753B8E3004F665D /* Subscriptions.storyboard in Resources */,
				CC00425B2753C0EE004F665D /* PostCreation.storyboard in Resources */,
				CC00425F2753C1B5004F665D /* Notification.storyboard in Resources */,
			);
			runOnlyForDeploymentPostprocessing = 0;
		};
/* End PBXResourcesBuildPhase section */

/* Begin PBXSourcesBuildPhase section */
		CCD23C572749F8D700A41E14 /* Sources */ = {
			isa = PBXSourcesBuildPhase;
			buildActionMask = 2147483647;
			files = (
				CC738EB4274B959D00A8752C /* LogInViewController.swift in Sources */,
				CC0042592753BDF7004F665D /* SubscriptionsViewController.swift in Sources */,
				CC0042612753C1C7004F665D /* NotificationViewController.swift in Sources */,
				CC00425D2753C123004F665D /* PostCreationViewController.swift in Sources */,
				CCD23C632749F8D800A41E14 /* ViewController.swift in Sources */,
				CC1E172527512056003C1A1E /* addLeftPaddingTextfield.swift in Sources */,
				CC1E17272751206C003C1A1E /* gradientButton.swift in Sources */,
				CCD23C5F2749F8D800A41E14 /* AppDelegate.swift in Sources */,
				CC0042572753BC8F004F665D /* HomeViewController.swift in Sources */,
				CC0042632753C1ED004F665D /* ChatViewController.swift in Sources */,
				5D5AD768274C7549004030C3 /* SignUpViewController.swift in Sources */,
				CCD23C612749F8D800A41E14 /* SceneDelegate.swift in Sources */,
				CC1E1722275117A1003C1A1E /* PasswordFindViewController.swift in Sources */,
			);
			runOnlyForDeploymentPostprocessing = 0;
		};
/* End PBXSourcesBuildPhase section */

/* Begin PBXVariantGroup section */
		CCD23C642749F8D800A41E14 /* Main.storyboard */ = {
			isa = PBXVariantGroup;
			children = (
				CCD23C652749F8D800A41E14 /* Base */,
			);
			name = Main.storyboard;
			sourceTree = "<group>";
		};
		CCD23C692749F8DA00A41E14 /* LaunchScreen.storyboard */ = {
			isa = PBXVariantGroup;
			children = (
				CCD23C6A2749F8DA00A41E14 /* Base */,
			);
			name = LaunchScreen.storyboard;
			sourceTree = "<group>";
		};
/* End PBXVariantGroup section */

/* Begin XCBuildConfiguration section */
		CCD23C6D2749F8DA00A41E14 /* Debug */ = {
			isa = XCBuildConfiguration;
			buildSettings = {
				ALWAYS_SEARCH_USER_PATHS = NO;
				CLANG_ANALYZER_NONNULL = YES;
				CLANG_ANALYZER_NUMBER_OBJECT_CONVERSION = YES_AGGRESSIVE;
				CLANG_CXX_LANGUAGE_STANDARD = "gnu++17";
				CLANG_CXX_LIBRARY = "libc++";
				CLANG_ENABLE_MODULES = YES;
				CLANG_ENABLE_OBJC_ARC = YES;
				CLANG_ENABLE_OBJC_WEAK = YES;
				CLANG_WARN_BLOCK_CAPTURE_AUTORELEASING = YES;
				CLANG_WARN_BOOL_CONVERSION = YES;
				CLANG_WARN_COMMA = YES;
				CLANG_WARN_CONSTANT_CONVERSION = YES;
				CLANG_WARN_DEPRECATED_OBJC_IMPLEMENTATIONS = YES;
				CLANG_WARN_DIRECT_OBJC_ISA_USAGE = YES_ERROR;
				CLANG_WARN_DOCUMENTATION_COMMENTS = YES;
				CLANG_WARN_EMPTY_BODY = YES;
				CLANG_WARN_ENUM_CONVERSION = YES;
				CLANG_WARN_INFINITE_RECURSION = YES;
				CLANG_WARN_INT_CONVERSION = YES;
				CLANG_WARN_NON_LITERAL_NULL_CONVERSION = YES;
				CLANG_WARN_OBJC_IMPLICIT_RETAIN_SELF = YES;
				CLANG_WARN_OBJC_LITERAL_CONVERSION = YES;
				CLANG_WARN_OBJC_ROOT_CLASS = YES_ERROR;
				CLANG_WARN_QUOTED_INCLUDE_IN_FRAMEWORK_HEADER = YES;
				CLANG_WARN_RANGE_LOOP_ANALYSIS = YES;
				CLANG_WARN_STRICT_PROTOTYPES = YES;
				CLANG_WARN_SUSPICIOUS_MOVE = YES;
				CLANG_WARN_UNGUARDED_AVAILABILITY = YES_AGGRESSIVE;
				CLANG_WARN_UNREACHABLE_CODE = YES;
				CLANG_WARN__DUPLICATE_METHOD_MATCH = YES;
				COPY_PHASE_STRIP = NO;
				DEBUG_INFORMATION_FORMAT = dwarf;
				ENABLE_STRICT_OBJC_MSGSEND = YES;
				ENABLE_TESTABILITY = YES;
				GCC_C_LANGUAGE_STANDARD = gnu11;
				GCC_DYNAMIC_NO_PIC = NO;
				GCC_NO_COMMON_BLOCKS = YES;
				GCC_OPTIMIZATION_LEVEL = 0;
				GCC_PREPROCESSOR_DEFINITIONS = (
					"DEBUG=1",
					"$(inherited)",
				);
				GCC_WARN_64_TO_32_BIT_CONVERSION = YES;
				GCC_WARN_ABOUT_RETURN_TYPE = YES_ERROR;
				GCC_WARN_UNDECLARED_SELECTOR = YES;
				GCC_WARN_UNINITIALIZED_AUTOS = YES_AGGRESSIVE;
				GCC_WARN_UNUSED_FUNCTION = YES;
				GCC_WARN_UNUSED_VARIABLE = YES;
				IPHONEOS_DEPLOYMENT_TARGET = 15.0;
				MTL_ENABLE_DEBUG_INFO = INCLUDE_SOURCE;
				MTL_FAST_MATH = YES;
				ONLY_ACTIVE_ARCH = YES;
				SDKROOT = iphoneos;
				SWIFT_ACTIVE_COMPILATION_CONDITIONS = DEBUG;
				SWIFT_OPTIMIZATION_LEVEL = "-Onone";
			};
			name = Debug;
		};
		CCD23C6E2749F8DA00A41E14 /* Release */ = {
			isa = XCBuildConfiguration;
			buildSettings = {
				ALWAYS_SEARCH_USER_PATHS = NO;
				CLANG_ANALYZER_NONNULL = YES;
				CLANG_ANALYZER_NUMBER_OBJECT_CONVERSION = YES_AGGRESSIVE;
				CLANG_CXX_LANGUAGE_STANDARD = "gnu++17";
				CLANG_CXX_LIBRARY = "libc++";
				CLANG_ENABLE_MODULES = YES;
				CLANG_ENABLE_OBJC_ARC = YES;
				CLANG_ENABLE_OBJC_WEAK = YES;
				CLANG_WARN_BLOCK_CAPTURE_AUTORELEASING = YES;
				CLANG_WARN_BOOL_CONVERSION = YES;
				CLANG_WARN_COMMA = YES;
				CLANG_WARN_CONSTANT_CONVERSION = YES;
				CLANG_WARN_DEPRECATED_OBJC_IMPLEMENTATIONS = YES;
				CLANG_WARN_DIRECT_OBJC_ISA_USAGE = YES_ERROR;
				CLANG_WARN_DOCUMENTATION_COMMENTS = YES;
				CLANG_WARN_EMPTY_BODY = YES;
				CLANG_WARN_ENUM_CONVERSION = YES;
				CLANG_WARN_INFINITE_RECURSION = YES;
				CLANG_WARN_INT_CONVERSION = YES;
				CLANG_WARN_NON_LITERAL_NULL_CONVERSION = YES;
				CLANG_WARN_OBJC_IMPLICIT_RETAIN_SELF = YES;
				CLANG_WARN_OBJC_LITERAL_CONVERSION = YES;
				CLANG_WARN_OBJC_ROOT_CLASS = YES_ERROR;
				CLANG_WARN_QUOTED_INCLUDE_IN_FRAMEWORK_HEADER = YES;
				CLANG_WARN_RANGE_LOOP_ANALYSIS = YES;
				CLANG_WARN_STRICT_PROTOTYPES = YES;
				CLANG_WARN_SUSPICIOUS_MOVE = YES;
				CLANG_WARN_UNGUARDED_AVAILABILITY = YES_AGGRESSIVE;
				CLANG_WARN_UNREACHABLE_CODE = YES;
				CLANG_WARN__DUPLICATE_METHOD_MATCH = YES;
				COPY_PHASE_STRIP = NO;
				DEBUG_INFORMATION_FORMAT = "dwarf-with-dsym";
				ENABLE_NS_ASSERTIONS = NO;
				ENABLE_STRICT_OBJC_MSGSEND = YES;
				GCC_C_LANGUAGE_STANDARD = gnu11;
				GCC_NO_COMMON_BLOCKS = YES;
				GCC_WARN_64_TO_32_BIT_CONVERSION = YES;
				GCC_WARN_ABOUT_RETURN_TYPE = YES_ERROR;
				GCC_WARN_UNDECLARED_SELECTOR = YES;
				GCC_WARN_UNINITIALIZED_AUTOS = YES_AGGRESSIVE;
				GCC_WARN_UNUSED_FUNCTION = YES;
				GCC_WARN_UNUSED_VARIABLE = YES;
				IPHONEOS_DEPLOYMENT_TARGET = 15.0;
				MTL_ENABLE_DEBUG_INFO = NO;
				MTL_FAST_MATH = YES;
				SDKROOT = iphoneos;
				SWIFT_COMPILATION_MODE = wholemodule;
				SWIFT_OPTIMIZATION_LEVEL = "-O";
				VALIDATE_PRODUCT = YES;
			};
			name = Release;
		};
		CCD23C702749F8DA00A41E14 /* Debug */ = {
			isa = XCBuildConfiguration;
			buildSettings = {
				ASSETCATALOG_COMPILER_APPICON_NAME = AppIcon;
				ASSETCATALOG_COMPILER_GLOBAL_ACCENT_COLOR_NAME = AccentColor;
				CODE_SIGN_IDENTITY = "Apple Development";
				CODE_SIGN_STYLE = Automatic;
				CURRENT_PROJECT_VERSION = 1;
				DEVELOPMENT_TEAM = 8G852ZNFGC;
				GENERATE_INFOPLIST_FILE = YES;
				INFOPLIST_FILE = "reddit-clone/Info.plist";
				INFOPLIST_KEY_UIApplicationSupportsIndirectInputEvents = YES;
				INFOPLIST_KEY_UILaunchStoryboardName = LaunchScreen;
				INFOPLIST_KEY_UIMainStoryboardFile = Main;
				INFOPLIST_KEY_UISupportedInterfaceOrientations_iPad = "UIInterfaceOrientationPortrait UIInterfaceOrientationPortraitUpsideDown UIInterfaceOrientationLandscapeLeft UIInterfaceOrientationLandscapeRight";
				INFOPLIST_KEY_UISupportedInterfaceOrientations_iPhone = "UIInterfaceOrientationPortrait UIInterfaceOrientationLandscapeLeft UIInterfaceOrientationLandscapeRight";
				LD_RUNPATH_SEARCH_PATHS = (
					"$(inherited)",
					"@executable_path/Frameworks",
				);
				MARKETING_VERSION = 1.0;
				PRODUCT_BUNDLE_IDENTIFIER = "com.wafflestudio.eomiso.reddit-clone";
				PRODUCT_NAME = "$(TARGET_NAME)";
				PROVISIONING_PROFILE_SPECIFIER = "";
				SWIFT_EMIT_LOC_STRINGS = YES;
				SWIFT_VERSION = 5.0;
				TARGETED_DEVICE_FAMILY = "1,2";
			};
			name = Debug;
		};
		CCD23C712749F8DA00A41E14 /* Release */ = {
			isa = XCBuildConfiguration;
			buildSettings = {
				ASSETCATALOG_COMPILER_APPICON_NAME = AppIcon;
				ASSETCATALOG_COMPILER_GLOBAL_ACCENT_COLOR_NAME = AccentColor;
				CODE_SIGN_IDENTITY = "Apple Development";
				CODE_SIGN_STYLE = Automatic;
				CURRENT_PROJECT_VERSION = 1;
				DEVELOPMENT_TEAM = 8G852ZNFGC;
				GENERATE_INFOPLIST_FILE = YES;
				INFOPLIST_FILE = "reddit-clone/Info.plist";
				INFOPLIST_KEY_UIApplicationSupportsIndirectInputEvents = YES;
				INFOPLIST_KEY_UILaunchStoryboardName = LaunchScreen;
				INFOPLIST_KEY_UIMainStoryboardFile = Main;
				INFOPLIST_KEY_UISupportedInterfaceOrientations_iPad = "UIInterfaceOrientationPortrait UIInterfaceOrientationPortraitUpsideDown UIInterfaceOrientationLandscapeLeft UIInterfaceOrientationLandscapeRight";
				INFOPLIST_KEY_UISupportedInterfaceOrientations_iPhone = "UIInterfaceOrientationPortrait UIInterfaceOrientationLandscapeLeft UIInterfaceOrientationLandscapeRight";
				LD_RUNPATH_SEARCH_PATHS = (
					"$(inherited)",
					"@executable_path/Frameworks",
				);
				MARKETING_VERSION = 1.0;
				PRODUCT_BUNDLE_IDENTIFIER = "com.wafflestudio.eomiso.reddit-clone";
				PRODUCT_NAME = "$(TARGET_NAME)";
				PROVISIONING_PROFILE_SPECIFIER = "";
				SWIFT_EMIT_LOC_STRINGS = YES;
				SWIFT_VERSION = 5.0;
				TARGETED_DEVICE_FAMILY = "1,2";
			};
			name = Release;
		};
/* End XCBuildConfiguration section */

/* Begin XCConfigurationList section */
		CCD23C562749F8D700A41E14 /* Build configuration list for PBXProject "reddit-clone" */ = {
			isa = XCConfigurationList;
			buildConfigurations = (
				CCD23C6D2749F8DA00A41E14 /* Debug */,
				CCD23C6E2749F8DA00A41E14 /* Release */,
			);
			defaultConfigurationIsVisible = 0;
			defaultConfigurationName = Release;
		};
		CCD23C6F2749F8DA00A41E14 /* Build configuration list for PBXNativeTarget "reddit-clone" */ = {
			isa = XCConfigurationList;
			buildConfigurations = (
				CCD23C702749F8DA00A41E14 /* Debug */,
				CCD23C712749F8DA00A41E14 /* Release */,
			);
			defaultConfigurationIsVisible = 0;
			defaultConfigurationName = Release;
		};
/* End XCConfigurationList section */
	};
	rootObject = CCD23C532749F8D700A41E14 /* Project object */;
}
