PODS:
  - Pageboy (3.6.2)
  - SideMenu (6.5.0)
  - Tabman (2.11.1):
    - Pageboy (~> 3.6.0)

DEPENDENCIES:
  - SideMenu (~> 6.0)
  - Tabman (~> 2.11)

SPEC REPOS:
  trunk:
    - Pageboy
    - SideMenu
    - Tabman

SPEC CHECKSUMS:
  Pageboy: cf121b9dd48c63f3f281b2a9ec93d02e0f23879b
  SideMenu: f583187d21c5b1dd04c72002be544b555a2627a2
  Tabman: 792ac76fd1ec95af175c93db880a3c47cabedc91

PODFILE CHECKSUM: 2616bb3cbc3afd9035ff7a175cf86384c64981ab

COCOAPODS: 1.11.2
